
Microsoft Visual Studio Solution File, Format Version 12.00
# Visual Studio 15
VisualStudioVersion = 15.0.28307.1259
MinimumVisualStudioVersion = 10.0.40219.1
Project("{888888A0-9F3D-457C-B088-3A5042F75D52}") = "MonitoreoCalidadDelAgua", "MonitoreoCalidadDelAgua\MonitoreoCalidadDelAgua.pyproj", "{7DCDD93D-7B77-44D3-A738-5332F95B4931}"
EndProject
Global
	GlobalSection(SolutionConfigurationPlatforms) = preSolution
		Debug|Any CPU = Debug|Any CPU
		Release|Any CPU = Release|Any CPU
	EndGlobalSection
	GlobalSection(ProjectConfigurationPlatforms) = postSolution
		{7DCDD93D-7B77-44D3-A738-5332F95B4931}.Debug|Any CPU.ActiveCfg = Debug|Any CPU
		{7DCDD93D-7B77-44D3-A738-5332F95B4931}.Release|Any CPU.ActiveCfg = Release|Any CPU
	EndGlobalSection
	GlobalSection(SolutionProperties) = preSolution
		HideSolutionNode = FALSE
	EndGlobalSection
	GlobalSection(ExtensibilityGlobals) = postSolution
		SolutionGuid = {1EA857EC-8B1A-4B1B-B19B-DEFFEA001081}
	EndGlobalSection
EndGlobal
